// !$*UTF8*$!
{
	archiveVersion = 1;
	classes = {
	};
	objectVersion = 55;
	objects = {

/* Begin PBXBuildFile section */
		DB82E9012806093E004B8216 /* fakeBankApp.swift in Sources */ = {isa = PBXBuildFile; fileRef = DB82E9002806093E004B8216 /* fakeBankApp.swift */; };
		DB82E9032806093E004B8216 /* ContentView.swift in Sources */ = {isa = PBXBuildFile; fileRef = DB82E9022806093E004B8216 /* ContentView.swift */; };
		DB82E90528060941004B8216 /* Assets.xcassets in Resources */ = {isa = PBXBuildFile; fileRef = DB82E90428060941004B8216 /* Assets.xcassets */; };
		DB82E90828060941004B8216 /* Preview Assets.xcassets in Resources */ = {isa = PBXBuildFile; fileRef = DB82E90728060941004B8216 /* Preview Assets.xcassets */; };
		DB82E91A280611EE004B8216 /* Dosis-Bold.ttf in Resources */ = {isa = PBXBuildFile; fileRef = DB82E919280611AA004B8216 /* Dosis-Bold.ttf */; };
		DB82E91B280611F0004B8216 /* Dosis-Regular.ttf in Resources */ = {isa = PBXBuildFile; fileRef = DB82E918280611AA004B8216 /* Dosis-Regular.ttf */; };
		DB82E91E28061408004B8216 /* Dosis-ExtraBold.ttf in Resources */ = {isa = PBXBuildFile; fileRef = DB82E91D28061408004B8216 /* Dosis-ExtraBold.ttf */; };
		DB82E92528061B53004B8216 /* UserView.swift in Sources */ = {isa = PBXBuildFile; fileRef = DB82E92428061B53004B8216 /* UserView.swift */; };
		DB82E92728061B99004B8216 /* HeaderView.swift in Sources */ = {isa = PBXBuildFile; fileRef = DB82E92628061B99004B8216 /* HeaderView.swift */; };
		DB82E92C28061F6F004B8216 /* MainView.swift in Sources */ = {isa = PBXBuildFile; fileRef = DB82E92B28061F6F004B8216 /* MainView.swift */; };
		DB82E92E2806257B004B8216 /* BalanceView.swift in Sources */ = {isa = PBXBuildFile; fileRef = DB82E92D2806257B004B8216 /* BalanceView.swift */; };
		DBBFB86228073F540075581B /* OffersView.swift in Sources */ = {isa = PBXBuildFile; fileRef = DBBFB86128073F540075581B /* OffersView.swift */; };
		DBBFB86428074E650075581B /* FavoritesView.swift in Sources */ = {isa = PBXBuildFile; fileRef = DBBFB86328074E650075581B /* FavoritesView.swift */; };
		DBBFB86628075B4C0075581B /* ShopView.swift in Sources */ = {isa = PBXBuildFile; fileRef = DBBFB86528075B4C0075581B /* ShopView.swift */; };
		DBBFB868280769090075581B /* ServicesView.swift in Sources */ = {isa = PBXBuildFile; fileRef = DBBFB867280769090075581B /* ServicesView.swift */; };
/* End PBXBuildFile section */

/* Begin PBXFileReference section */
		DB82E8FD2806093E004B8216 /* fakeBank.app */ = {isa = PBXFileReference; explicitFileType = wrapper.application; includeInIndex = 0; path = fakeBank.app; sourceTree = BUILT_PRODUCTS_DIR; };
		DB82E9002806093E004B8216 /* fakeBankApp.swift */ = {isa = PBXFileReference; lastKnownFileType = sourcecode.swift; path = fakeBankApp.swift; sourceTree = "<group>"; };
		DB82E9022806093E004B8216 /* ContentView.swift */ = {isa = PBXFileReference; lastKnownFileType = sourcecode.swift; path = ContentView.swift; sourceTree = "<group>"; };
		DB82E90428060941004B8216 /* Assets.xcassets */ = {isa = PBXFileReference; lastKnownFileType = folder.assetcatalog; path = Assets.xcassets; sourceTree = "<group>"; };
		DB82E90728060941004B8216 /* Preview Assets.xcassets */ = {isa = PBXFileReference; lastKnownFileType = folder.assetcatalog; path = "Preview Assets.xcassets"; sourceTree = "<group>"; };
		DB82E918280611AA004B8216 /* Dosis-Regular.ttf */ = {isa = PBXFileReference; lastKnownFileType = file; path = "Dosis-Regular.ttf"; sourceTree = "<group>"; };
		DB82E919280611AA004B8216 /* Dosis-Bold.ttf */ = {isa = PBXFileReference; lastKnownFileType = file; path = "Dosis-Bold.ttf"; sourceTree = "<group>"; };
		DB82E91C2806121C004B8216 /* Info.plist */ = {isa = PBXFileReference; lastKnownFileType = text.plist.xml; path = Info.plist; sourceTree = "<group>"; };
		DB82E91D28061408004B8216 /* Dosis-ExtraBold.ttf */ = {isa = PBXFileReference; lastKnownFileType = file; path = "Dosis-ExtraBold.ttf"; sourceTree = "<group>"; };
		DB82E92428061B53004B8216 /* UserView.swift */ = {isa = PBXFileReference; lastKnownFileType = sourcecode.swift; path = UserView.swift; sourceTree = "<group>"; };
		DB82E92628061B99004B8216 /* HeaderView.swift */ = {isa = PBXFileReference; lastKnownFileType = sourcecode.swift; path = HeaderView.swift; sourceTree = "<group>"; };
		DB82E92B28061F6F004B8216 /* MainView.swift */ = {isa = PBXFileReference; lastKnownFileType = sourcecode.swift; path = MainView.swift; sourceTree = "<group>"; };
		DB82E92D2806257B004B8216 /* BalanceView.swift */ = {isa = PBXFileReference; lastKnownFileType = sourcecode.swift; path = BalanceView.swift; sourceTree = "<group>"; };
		DBBFB86128073F540075581B /* OffersView.swift */ = {isa = PBXFileReference; lastKnownFileType = sourcecode.swift; path = OffersView.swift; sourceTree = "<group>"; };
		DBBFB86328074E650075581B /* FavoritesView.swift */ = {isa = PBXFileReference; lastKnownFileType = sourcecode.swift; path = FavoritesView.swift; sourceTree = "<group>"; };
		DBBFB86528075B4C0075581B /* ShopView.swift */ = {isa = PBXFileReference; lastKnownFileType = sourcecode.swift; path = ShopView.swift; sourceTree = "<group>"; };
		DBBFB867280769090075581B /* ServicesView.swift */ = {isa = PBXFileReference; lastKnownFileType = sourcecode.swift; path = ServicesView.swift; sourceTree = "<group>"; };
/* End PBXFileReference section */

/* Begin PBXFrameworksBuildPhase section */
		DB82E8FA2806093E004B8216 /* Frameworks */ = {
			isa = PBXFrameworksBuildPhase;
			buildActionMask = 2147483647;
			files = (
			);
			runOnlyForDeploymentPostprocessing = 0;
		};
/* End PBXFrameworksBuildPhase section */

/* Begin PBXGroup section */
		DB82E8F42806093E004B8216 = {
			isa = PBXGroup;
			children = (
				DB82E8FF2806093E004B8216 /* fakeBank */,
				DB82E8FE2806093E004B8216 /* Products */,
			);
			sourceTree = "<group>";
		};
		DB82E8FE2806093E004B8216 /* Products */ = {
			isa = PBXGroup;
			children = (
				DB82E8FD2806093E004B8216 /* fakeBank.app */,
			);
			name = Products;
			sourceTree = "<group>";
		};
		DB82E8FF2806093E004B8216 /* fakeBank */ = {
			isa = PBXGroup;
			children = (
				DB82E91F280619B6004B8216 /* View */,
				DB82E92328061A6F004B8216 /* Resources */,
				DB82E9002806093E004B8216 /* fakeBankApp.swift */,
				DB82E9022806093E004B8216 /* ContentView.swift */,
				DB82E91C2806121C004B8216 /* Info.plist */,
				DB82E90628060941004B8216 /* Preview Content */,
			);
			path = fakeBank;
			sourceTree = "<group>";
		};
		DB82E90628060941004B8216 /* Preview Content */ = {
			isa = PBXGroup;
			children = (
				DB82E90728060941004B8216 /* Preview Assets.xcassets */,
			);
			path = "Preview Content";
			sourceTree = "<group>";
		};
		DB82E91328061134004B8216 /* fonts */ = {
			isa = PBXGroup;
			children = (
				DB82E919280611AA004B8216 /* Dosis-Bold.ttf */,
				DB82E91D28061408004B8216 /* Dosis-ExtraBold.ttf */,
				DB82E918280611AA004B8216 /* Dosis-Regular.ttf */,
			);
			path = fonts;
			sourceTree = "<group>";
		};
		DB82E91F280619B6004B8216 /* View */ = {
			isa = PBXGroup;
			children = (
				DB82E92428061B53004B8216 /* UserView.swift */,
				DB82E92628061B99004B8216 /* HeaderView.swift */,
				DB82E92B28061F6F004B8216 /* MainView.swift */,
				DB82E92D2806257B004B8216 /* BalanceView.swift */,
				DBBFB86128073F540075581B /* OffersView.swift */,
				DBBFB86328074E650075581B /* FavoritesView.swift */,
				DBBFB86528075B4C0075581B /* ShopView.swift */,
				DBBFB867280769090075581B /* ServicesView.swift */,
			);
			path = View;
			sourceTree = "<group>";
		};
		DB82E92328061A6F004B8216 /* Resources */ = {
			isa = PBXGroup;
			children = (
				DB82E90428060941004B8216 /* Assets.xcassets */,
				DB82E91328061134004B8216 /* fonts */,
			);
			path = Resources;
			sourceTree = "<group>";
		};
/* End PBXGroup section */

/* Begin PBXNativeTarget section */
		DB82E8FC2806093E004B8216 /* fakeBank */ = {
			isa = PBXNativeTarget;
			buildConfigurationList = DB82E90B28060941004B8216 /* Build configuration list for PBXNativeTarget "fakeBank" */;
			buildPhases = (
				DB82E8F92806093E004B8216 /* Sources */,
				DB82E8FA2806093E004B8216 /* Frameworks */,
				DB82E8FB2806093E004B8216 /* Resources */,
			);
			buildRules = (
			);
			dependencies = (
			);
			name = fakeBank;
			productName = fakeBank;
			productReference = DB82E8FD2806093E004B8216 /* fakeBank.app */;
			productType = "com.apple.product-type.application";
		};
/* End PBXNativeTarget section */

/* Begin PBXProject section */
		DB82E8F52806093E004B8216 /* Project object */ = {
			isa = PBXProject;
			attributes = {
				BuildIndependentTargetsInParallel = 1;
				LastSwiftUpdateCheck = 1330;
				LastUpgradeCheck = 1330;
				TargetAttributes = {
					DB82E8FC2806093E004B8216 = {
						CreatedOnToolsVersion = 13.3.1;
					};
				};
			};
			buildConfigurationList = DB82E8F82806093E004B8216 /* Build configuration list for PBXProject "fakeBank" */;
			compatibilityVersion = "Xcode 13.0";
			developmentRegion = en;
			hasScannedForEncodings = 0;
			knownRegions = (
				en,
				Base,
			);
			mainGroup = DB82E8F42806093E004B8216;
			productRefGroup = DB82E8FE2806093E004B8216 /* Products */;
			projectDirPath = "";
			projectRoot = "";
			targets = (
				DB82E8FC2806093E004B8216 /* fakeBank */,
			);
		};
/* End PBXProject section */

/* Begin PBXResourcesBuildPhase section */
		DB82E8FB2806093E004B8216 /* Resources */ = {
			isa = PBXResourcesBuildPhase;
			buildActionMask = 2147483647;
			files = (
				DB82E91A280611EE004B8216 /* Dosis-Bold.ttf in Resources */,
				DB82E90828060941004B8216 /* Preview Assets.xcassets in Resources */,
				DB82E91B280611F0004B8216 /* Dosis-Regular.ttf in Resources */,
				DB82E91E28061408004B8216 /* Dosis-ExtraBold.ttf in Resources */,
				DB82E90528060941004B8216 /* Assets.xcassets in Resources */,
			);
			runOnlyForDeploymentPostprocessing = 0;
		};
/* End PBXResourcesBuildPhase section */

/* Begin PBXSourcesBuildPhase section */
		DB82E8F92806093E004B8216 /* Sources */ = {
			isa = PBXSourcesBuildPhase;
			buildActionMask = 2147483647;
			files = (
				DBBFB868280769090075581B /* ServicesView.swift in Sources */,
				DB82E9032806093E004B8216 /* ContentView.swift in Sources */,
				DBBFB86228073F540075581B /* OffersView.swift in Sources */,
				DB82E9012806093E004B8216 /* fakeBankApp.swift in Sources */,
				DBBFB86628075B4C0075581B /* ShopView.swift in Sources */,
				DB82E92528061B53004B8216 /* UserView.swift in Sources */,
				DBBFB86428074E650075581B /* FavoritesView.swift in Sources */,
				DB82E92E2806257B004B8216 /* BalanceView.swift in Sources */,
				DB82E92C28061F6F004B8216 /* MainView.swift in Sources */,
				DB82E92728061B99004B8216 /* HeaderView.swift in Sources */,
			);
			runOnlyForDeploymentPostprocessing = 0;
		};
/* End PBXSourcesBuildPhase section */

/* Begin XCBuildConfiguration section */
		DB82E90928060941004B8216 /* Debug */ = {
			isa = XCBuildConfiguration;
			buildSettings = {
				ALWAYS_SEARCH_USER_PATHS = NO;
				CLANG_ANALYZER_NONNULL = YES;
				CLANG_ANALYZER_NUMBER_OBJECT_CONVERSION = YES_AGGRESSIVE;
				CLANG_CXX_LANGUAGE_STANDARD = "gnu++17";
				CLANG_ENABLE_MODULES = YES;
				CLANG_ENABLE_OBJC_ARC = YES;
				CLANG_ENABLE_OBJC_WEAK = YES;
				CLANG_WARN_BLOCK_CAPTURE_AUTORELEASING = YES;
				CLANG_WARN_BOOL_CONVERSION = YES;
				CLANG_WARN_COMMA = YES;
				CLANG_WARN_CONSTANT_CONVERSION = YES;
				CLANG_WARN_DEPRECATED_OBJC_IMPLEMENTATIONS = YES;
				CLANG_WARN_DIRECT_OBJC_ISA_USAGE = YES_ERROR;
				CLANG_WARN_DOCUMENTATION_COMMENTS = YES;
				CLANG_WARN_EMPTY_BODY = YES;
				CLANG_WARN_ENUM_CONVERSION = YES;
				CLANG_WARN_INFINITE_RECURSION = YES;
				CLANG_WARN_INT_CONVERSION = YES;
				CLANG_WARN_NON_LITERAL_NULL_CONVERSION = YES;
				CLANG_WARN_OBJC_IMPLICIT_RETAIN_SELF = YES;
				CLANG_WARN_OBJC_LITERAL_CONVERSION = YES;
				CLANG_WARN_OBJC_ROOT_CLASS = YES_ERROR;
				CLANG_WARN_QUOTED_INCLUDE_IN_FRAMEWORK_HEADER = YES;
				CLANG_WARN_RANGE_LOOP_ANALYSIS = YES;
				CLANG_WARN_STRICT_PROTOTYPES = YES;
				CLANG_WARN_SUSPICIOUS_MOVE = YES;
				CLANG_WARN_UNGUARDED_AVAILABILITY = YES_AGGRESSIVE;
				CLANG_WARN_UNREACHABLE_CODE = YES;
				CLANG_WARN__DUPLICATE_METHOD_MATCH = YES;
				COPY_PHASE_STRIP = NO;
				DEBUG_INFORMATION_FORMAT = dwarf;
				ENABLE_STRICT_OBJC_MSGSEND = YES;
				ENABLE_TESTABILITY = YES;
				GCC_C_LANGUAGE_STANDARD = gnu11;
				GCC_DYNAMIC_NO_PIC = NO;
				GCC_NO_COMMON_BLOCKS = YES;
				GCC_OPTIMIZATION_LEVEL = 0;
				GCC_PREPROCESSOR_DEFINITIONS = (
					"DEBUG=1",
					"$(inherited)",
				);
				GCC_WARN_64_TO_32_BIT_CONVERSION = YES;
				GCC_WARN_ABOUT_RETURN_TYPE = YES_ERROR;
				GCC_WARN_UNDECLARED_SELECTOR = YES;
				GCC_WARN_UNINITIALIZED_AUTOS = YES_AGGRESSIVE;
				GCC_WARN_UNUSED_FUNCTION = YES;
				GCC_WARN_UNUSED_VARIABLE = YES;
				IPHONEOS_DEPLOYMENT_TARGET = 15.4;
				MTL_ENABLE_DEBUG_INFO = INCLUDE_SOURCE;
				MTL_FAST_MATH = YES;
				ONLY_ACTIVE_ARCH = YES;
				SDKROOT = iphoneos;
				SWIFT_ACTIVE_COMPILATION_CONDITIONS = DEBUG;
				SWIFT_OPTIMIZATION_LEVEL = "-Onone";
			};
			name = Debug;
		};
		DB82E90A28060941004B8216 /* Release */ = {
			isa = XCBuildConfiguration;
			buildSettings = {
				ALWAYS_SEARCH_USER_PATHS = NO;
				CLANG_ANALYZER_NONNULL = YES;
				CLANG_ANALYZER_NUMBER_OBJECT_CONVERSION = YES_AGGRESSIVE;
				CLANG_CXX_LANGUAGE_STANDARD = "gnu++17";
				CLANG_ENABLE_MODULES = YES;
				CLANG_ENABLE_OBJC_ARC = YES;
				CLANG_ENABLE_OBJC_WEAK = YES;
				CLANG_WARN_BLOCK_CAPTURE_AUTORELEASING = YES;
				CLANG_WARN_BOOL_CONVERSION = YES;
				CLANG_WARN_COMMA = YES;
				CLANG_WARN_CONSTANT_CONVERSION = YES;
				CLANG_WARN_DEPRECATED_OBJC_IMPLEMENTATIONS = YES;
				CLANG_WARN_DIRECT_OBJC_ISA_USAGE = YES_ERROR;
				CLANG_WARN_DOCUMENTATION_COMMENTS = YES;
				CLANG_WARN_EMPTY_BODY = YES;
				CLANG_WARN_ENUM_CONVERSION = YES;
				CLANG_WARN_INFINITE_RECURSION = YES;
				CLANG_WARN_INT_CONVERSION = YES;
				CLANG_WARN_NON_LITERAL_NULL_CONVERSION = YES;
				CLANG_WARN_OBJC_IMPLICIT_RETAIN_SELF = YES;
				CLANG_WARN_OBJC_LITERAL_CONVERSION = YES;
				CLANG_WARN_OBJC_ROOT_CLASS = YES_ERROR;
				CLANG_WARN_QUOTED_INCLUDE_IN_FRAMEWORK_HEADER = YES;
				CLANG_WARN_RANGE_LOOP_ANALYSIS = YES;
				CLANG_WARN_STRICT_PROTOTYPES = YES;
				CLANG_WARN_SUSPICIOUS_MOVE = YES;
				CLANG_WARN_UNGUARDED_AVAILABILITY = YES_AGGRESSIVE;
				CLANG_WARN_UNREACHABLE_CODE = YES;
				CLANG_WARN__DUPLICATE_METHOD_MATCH = YES;
				COPY_PHASE_STRIP = NO;
				DEBUG_INFORMATION_FORMAT = "dwarf-with-dsym";
				ENABLE_NS_ASSERTIONS = NO;
				ENABLE_STRICT_OBJC_MSGSEND = YES;
				GCC_C_LANGUAGE_STANDARD = gnu11;
				GCC_NO_COMMON_BLOCKS = YES;
				GCC_WARN_64_TO_32_BIT_CONVERSION = YES;
				GCC_WARN_ABOUT_RETURN_TYPE = YES_ERROR;
				GCC_WARN_UNDECLARED_SELECTOR = YES;
				GCC_WARN_UNINITIALIZED_AUTOS = YES_AGGRESSIVE;
				GCC_WARN_UNUSED_FUNCTION = YES;
				GCC_WARN_UNUSED_VARIABLE = YES;
				IPHONEOS_DEPLOYMENT_TARGET = 15.4;
				MTL_ENABLE_DEBUG_INFO = NO;
				MTL_FAST_MATH = YES;
				SDKROOT = iphoneos;
				SWIFT_COMPILATION_MODE = wholemodule;
				SWIFT_OPTIMIZATION_LEVEL = "-O";
				VALIDATE_PRODUCT = YES;
			};
			name = Release;
		};
		DB82E90C28060941004B8216 /* Debug */ = {
			isa = XCBuildConfiguration;
			buildSettings = {
				ASSETCATALOG_COMPILER_APPICON_NAME = AppIcon;
				ASSETCATALOG_COMPILER_GLOBAL_ACCENT_COLOR_NAME = AccentColor;
				CODE_SIGN_STYLE = Automatic;
				CURRENT_PROJECT_VERSION = 1;
				DEVELOPMENT_ASSET_PATHS = "\"fakeBank/Preview Content\"";
				DEVELOPMENT_TEAM = RRJWX5S3D9;
				ENABLE_PREVIEWS = YES;
				GENERATE_INFOPLIST_FILE = YES;
				INFOPLIST_FILE = fakeBank/Info.plist;
				INFOPLIST_KEY_UIApplicationSceneManifest_Generation = YES;
				INFOPLIST_KEY_UIApplicationSupportsIndirectInputEvents = YES;
				INFOPLIST_KEY_UILaunchScreen_Generation = YES;
				INFOPLIST_KEY_UISupportedInterfaceOrientations_iPad = "UIInterfaceOrientationPortrait UIInterfaceOrientationPortraitUpsideDown UIInterfaceOrientationLandscapeLeft UIInterfaceOrientationLandscapeRight";
				INFOPLIST_KEY_UISupportedInterfaceOrientations_iPhone = "UIInterfaceOrientationPortrait UIInterfaceOrientationLandscapeLeft UIInterfaceOrientationLandscapeRight";
				LD_RUNPATH_SEARCH_PATHS = (
					"$(inherited)",
					"@executable_path/Frameworks",
				);
				MARKETING_VERSION = 1.0;
				PRODUCT_BUNDLE_IDENTIFIER = com.brunonascimento.fakeBank;
				PRODUCT_NAME = "$(TARGET_NAME)";
				SWIFT_EMIT_LOC_STRINGS = YES;
				SWIFT_VERSION = 5.0;
				TARGETED_DEVICE_FAMILY = "1,2";
			};
			name = Debug;
		};
		DB82E90D28060941004B8216 /* Release */ = {
			isa = XCBuildConfiguration;
			buildSettings = {
				ASSETCATALOG_COMPILER_APPICON_NAME = AppIcon;
				ASSETCATALOG_COMPILER_GLOBAL_ACCENT_COLOR_NAME = AccentColor;
				CODE_SIGN_STYLE = Automatic;
				CURRENT_PROJECT_VERSION = 1;
				DEVELOPMENT_ASSET_PATHS = "\"fakeBank/Preview Content\"";
				DEVELOPMENT_TEAM = RRJWX5S3D9;
				ENABLE_PREVIEWS = YES;
				GENERATE_INFOPLIST_FILE = YES;
				INFOPLIST_FILE = fakeBank/Info.plist;
				INFOPLIST_KEY_UIApplicationSceneManifest_Generation = YES;
				INFOPLIST_KEY_UIApplicationSupportsIndirectInputEvents = YES;
				INFOPLIST_KEY_UILaunchScreen_Generation = YES;
				INFOPLIST_KEY_UISupportedInterfaceOrientations_iPad = "UIInterfaceOrientationPortrait UIInterfaceOrientationPortraitUpsideDown UIInterfaceOrientationLandscapeLeft UIInterfaceOrientationLandscapeRight";
				INFOPLIST_KEY_UISupportedInterfaceOrientations_iPhone = "UIInterfaceOrientationPortrait UIInterfaceOrientationLandscapeLeft UIInterfaceOrientationLandscapeRight";
				LD_RUNPATH_SEARCH_PATHS = (
					"$(inherited)",
					"@executable_path/Frameworks",
				);
				MARKETING_VERSION = 1.0;
				PRODUCT_BUNDLE_IDENTIFIER = com.brunonascimento.fakeBank;
				PRODUCT_NAME = "$(TARGET_NAME)";
				SWIFT_EMIT_LOC_STRINGS = YES;
				SWIFT_VERSION = 5.0;
				TARGETED_DEVICE_FAMILY = "1,2";
			};
			name = Release;
		};
/* End XCBuildConfiguration section */

/* Begin XCConfigurationList section */
		DB82E8F82806093E004B8216 /* Build configuration list for PBXProject "fakeBank" */ = {
			isa = XCConfigurationList;
			buildConfigurations = (
				DB82E90928060941004B8216 /* Debug */,
				DB82E90A28060941004B8216 /* Release */,
			);
			defaultConfigurationIsVisible = 0;
			defaultConfigurationName = Release;
		};
		DB82E90B28060941004B8216 /* Build configuration list for PBXNativeTarget "fakeBank" */ = {
			isa = XCConfigurationList;
			buildConfigurations = (
				DB82E90C28060941004B8216 /* Debug */,
				DB82E90D28060941004B8216 /* Release */,
			);
			defaultConfigurationIsVisible = 0;
			defaultConfigurationName = Release;
		};
/* End XCConfigurationList section */
	};
	rootObject = DB82E8F52806093E004B8216 /* Project object */;
}
